
Microsoft Visual Studio Solution File, Format Version 12.00
# Visual Studio 15
VisualStudioVersion = 15.0.27428.2015
MinimumVisualStudioVersion = 10.0.40219.1
Project("{E24C65DC-7377-472B-9ABA-BC803B73C61A}") = "SoccerLeagueWebsite", "SoccerLeagueWebsite\", "{EC8DA0CB-144B-4BED-B0C3-D4B1A1A2ADB0}"
	ProjectSection(WebsiteProperties) = preProject
		TargetFrameworkMoniker = ".NETFramework,Version%3Dv4.6.1"
		Debug.AspNetCompiler.VirtualPath = "/localhost_46328"
		Debug.AspNetCompiler.PhysicalPath = "SoccerLeagueWebsite\"
		Debug.AspNetCompiler.TargetPath = "PrecompiledWeb\localhost_46328\"
		Debug.AspNetCompiler.Updateable = "true"
		Debug.AspNetCompiler.ForceOverwrite = "true"
		Debug.AspNetCompiler.FixedNames = "false"
		Debug.AspNetCompiler.Debug = "True"
		Release.AspNetCompiler.VirtualPath = "/localhost_46328"
		Release.AspNetCompiler.PhysicalPath = "SoccerLeagueWebsite\"
		Release.AspNetCompiler.TargetPath = "PrecompiledWeb\localhost_46328\"
		Release.AspNetCompiler.Updateable = "true"
		Release.AspNetCompiler.ForceOverwrite = "true"
		Release.AspNetCompiler.FixedNames = "false"
		Release.AspNetCompiler.Debug = "False"
		VWDPort = "46328"
		SlnRelativePath = "SoccerLeagueWebsite\"
		DefaultWebSiteLanguage = "Visual C#"
	EndProjectSection
EndProject
Global
	GlobalSection(SolutionConfigurationPlatforms) = preSolution
		Debug|Any CPU = Debug|Any CPU
	EndGlobalSection
	GlobalSection(ProjectConfigurationPlatforms) = postSolution
		{EC8DA0CB-144B-4BED-B0C3-D4B1A1A2ADB0}.Debug|Any CPU.ActiveCfg = Debug|Any CPU
		{EC8DA0CB-144B-4BED-B0C3-D4B1A1A2ADB0}.Debug|Any CPU.Build.0 = Debug|Any CPU
	EndGlobalSection
	GlobalSection(SolutionProperties) = preSolution
		HideSolutionNode = FALSE
	EndGlobalSection
	GlobalSection(ExtensibilityGlobals) = postSolution
		SolutionGuid = {C3FF2BA6-9FC0-486A-A123-DC58FF5D1068}
	EndGlobalSection
EndGlobal
